
Microsoft Visual Studio Solution File, Format Version 12.00
# Visual Studio Version 17
VisualStudioVersion = 17.7.34024.191
MinimumVisualStudioVersion = 10.0.40219.1
Project("{FAE04EC0-301F-11D3-BF4B-00C04F79EFBC}") = "Machine Problem 1", "Machine Problem 1\Machine Problem 1.csproj", "{7D014E5C-01AC-485E-AFF0-1601F35659FB}"
EndProject
Global
	GlobalSection(SolutionConfigurationPlatforms) = preSolution
		Debug|Any CPU = Debug|Any CPU
		Release|Any CPU = Release|Any CPU
	EndGlobalSection
	GlobalSection(ProjectConfigurationPlatforms) = postSolution
		{7D014E5C-01AC-485E-AFF0-1601F35659FB}.Debug|Any CPU.ActiveCfg = Debug|Any CPU
		{7D014E5C-01AC-485E-AFF0-1601F35659FB}.Debug|Any CPU.Build.0 = Debug|Any CPU
		{7D014E5C-01AC-485E-AFF0-1601F35659FB}.Release|Any CPU.ActiveCfg = Release|Any CPU
		{7D014E5C-01AC-485E-AFF0-1601F35659FB}.Release|Any CPU.Build.0 = Release|Any CPU
	EndGlobalSection
	GlobalSection(SolutionProperties) = preSolution
		HideSolutionNode = FALSE
	EndGlobalSection
	GlobalSection(ExtensibilityGlobals) = postSolution
		SolutionGuid = {99586785-12AF-4031-A661-C0EF67FD2074}
	EndGlobalSection
EndGlobal
